
Microsoft Visual Studio Solution File, Format Version 12.00
# Visual Studio Version 17
VisualStudioVersion = 17.7.34031.279
MinimumVisualStudioVersion = 10.0.40219.1
Project("{FAE04EC0-301F-11D3-BF4B-00C04F79EFBC}") = "Prueba1APIS", "Prueba1APIS.csproj", "{7B802BC7-B6B8-4FF9-8D53-E27F0E423A53}"
EndProject
Global
	GlobalSection(SolutionConfigurationPlatforms) = preSolution
		Debug|Any CPU = Debug|Any CPU
		Release|Any CPU = Release|Any CPU
	EndGlobalSection
	GlobalSection(ProjectConfigurationPlatforms) = postSolution
		{7B802BC7-B6B8-4FF9-8D53-E27F0E423A53}.Debug|Any CPU.ActiveCfg = Debug|Any CPU
		{7B802BC7-B6B8-4FF9-8D53-E27F0E423A53}.Debug|Any CPU.Build.0 = Debug|Any CPU
		{7B802BC7-B6B8-4FF9-8D53-E27F0E423A53}.Release|Any CPU.ActiveCfg = Release|Any CPU
		{7B802BC7-B6B8-4FF9-8D53-E27F0E423A53}.Release|Any CPU.Build.0 = Release|Any CPU
	EndGlobalSection
	GlobalSection(SolutionProperties) = preSolution
		HideSolutionNode = FALSE
	EndGlobalSection
	GlobalSection(ExtensibilityGlobals) = postSolution
		SolutionGuid = {53F40A45-8CE2-43CD-9BCA-E056A82AB565}
	EndGlobalSection
EndGlobal
